
Microsoft Visual Studio Solution File, Format Version 12.00
# Visual Studio Version 17
VisualStudioVersion = 17.14.36119.2 d17.14
MinimumVisualStudioVersion = 10.0.40219.1
Project("{FAE04EC0-301F-11D3-BF4B-00C04F79EFBC}") = "DDH", "DDH\DDH.csproj", "{27CF3999-7F69-4A55-BC52-4535EB41E2B5}"
EndProject
Global
	GlobalSection(SolutionConfigurationPlatforms) = preSolution
		Debug|Any CPU = Debug|Any CPU
		Release|Any CPU = Release|Any CPU
	EndGlobalSection
	GlobalSection(ProjectConfigurationPlatforms) = postSolution
		{27CF3999-7F69-4A55-BC52-4535EB41E2B5}.Debug|Any CPU.ActiveCfg = Debug|Any CPU
		{27CF3999-7F69-4A55-BC52-4535EB41E2B5}.Debug|Any CPU.Build.0 = Debug|Any CPU
		{27CF3999-7F69-4A55-BC52-4535EB41E2B5}.Release|Any CPU.ActiveCfg = Release|Any CPU
		{27CF3999-7F69-4A55-BC52-4535EB41E2B5}.Release|Any CPU.Build.0 = Release|Any CPU
	EndGlobalSection
	GlobalSection(SolutionProperties) = preSolution
		HideSolutionNode = FALSE
	EndGlobalSection
	GlobalSection(ExtensibilityGlobals) = postSolution
		SolutionGuid = {36CA7ECC-9ACB-464D-98BB-2CA761C4A859}
	EndGlobalSection
EndGlobal
